
Microsoft Visual Studio Solution File, Format Version 12.00
# Visual Studio 14
VisualStudioVersion = 14.0.25420.1
MinimumVisualStudioVersion = 10.0.40219.1
Project("{2150E333-8FDC-42A3-9474-1A3956D46DE8}") = "src", "src", "{35CCDBED-FE93-4FAB-952D-F393AC27FCF3}"
EndProject
Project("{2150E333-8FDC-42A3-9474-1A3956D46DE8}") = "Solution Items", "Solution Items", "{EFC644BC-76DC-43FD-92B4-1A05896751C7}"
	ProjectSection(SolutionItems) = preProject
		global.json = global.json
	EndProjectSection
EndProject
Project("{8BB2217D-0F2D-49D1-97BC-3654ED321F3B}") = "bmi-range", "src\bmi-range\bmi-range.xproj", "{B6558D0B-7B8E-434A-840C-5133398D6111}"
EndProject
Global
	GlobalSection(SolutionConfigurationPlatforms) = preSolution
		Debug|Any CPU = Debug|Any CPU
		Release|Any CPU = Release|Any CPU
	EndGlobalSection
	GlobalSection(ProjectConfigurationPlatforms) = postSolution
		{B6558D0B-7B8E-434A-840C-5133398D6111}.Debug|Any CPU.ActiveCfg = Debug|Any CPU
		{B6558D0B-7B8E-434A-840C-5133398D6111}.Debug|Any CPU.Build.0 = Debug|Any CPU
		{B6558D0B-7B8E-434A-840C-5133398D6111}.Release|Any CPU.ActiveCfg = Release|Any CPU
		{B6558D0B-7B8E-434A-840C-5133398D6111}.Release|Any CPU.Build.0 = Release|Any CPU
	EndGlobalSection
	GlobalSection(SolutionProperties) = preSolution
		HideSolutionNode = FALSE
	EndGlobalSection
	GlobalSection(NestedProjects) = preSolution
		{B6558D0B-7B8E-434A-840C-5133398D6111} = {35CCDBED-FE93-4FAB-952D-F393AC27FCF3}
	EndGlobalSection
EndGlobal
